
Microsoft Visual Studio Solution File, Format Version 12.00
# Visual Studio Version 16
VisualStudioVersion = 16.0.29709.97
MinimumVisualStudioVersion = 10.0.40219.1
Project("{8BC9CEB8-8B4A-11D0-8D11-00A0C91BC942}") = "ImportFBXScene", "ImportFBXScene\ImportFBXScene.vcxproj", "{979CA0FE-FEB0-43F4-A0AA-66F85581AF9E}"
EndProject
Global
	GlobalSection(SolutionConfigurationPlatforms) = preSolution
		Release|x64 = Release|x64
	EndGlobalSection
	GlobalSection(ProjectConfigurationPlatforms) = postSolution
		{979CA0FE-FEB0-43F4-A0AA-66F85581AF9E}.Release|x64.ActiveCfg = Release|x64
		{979CA0FE-FEB0-43F4-A0AA-66F85581AF9E}.Release|x64.Build.0 = Release|x64
	EndGlobalSection
	GlobalSection(SolutionProperties) = preSolution
		HideSolutionNode = FALSE
	EndGlobalSection
	GlobalSection(ExtensibilityGlobals) = postSolution
		SolutionGuid = {2045209F-010D-4EB3-96F0-188238D61719}
	EndGlobalSection
EndGlobal
